
Microsoft Visual Studio Solution File, Format Version 12.00
# Visual Studio 2013
VisualStudioVersion = 12.0.31101.0
MinimumVisualStudioVersion = 10.0.40219.1
Project("{FAE04EC0-301F-11D3-BF4B-00C04F79EFBC}") = "Problem11StringMatrixRotation", "Problem11StringMatrixRotation\Problem11StringMatrixRotation.csproj", "{AF7FF7A9-741E-4770-85CF-A62EA07F84AA}"
EndProject
Global
	GlobalSection(SolutionConfigurationPlatforms) = preSolution
		Debug|Any CPU = Debug|Any CPU
		Release|Any CPU = Release|Any CPU
	EndGlobalSection
	GlobalSection(ProjectConfigurationPlatforms) = postSolution
		{AF7FF7A9-741E-4770-85CF-A62EA07F84AA}.Debug|Any CPU.ActiveCfg = Debug|Any CPU
		{AF7FF7A9-741E-4770-85CF-A62EA07F84AA}.Debug|Any CPU.Build.0 = Debug|Any CPU
		{AF7FF7A9-741E-4770-85CF-A62EA07F84AA}.Release|Any CPU.ActiveCfg = Release|Any CPU
		{AF7FF7A9-741E-4770-85CF-A62EA07F84AA}.Release|Any CPU.Build.0 = Release|Any CPU
	EndGlobalSection
	GlobalSection(SolutionProperties) = preSolution
		HideSolutionNode = FALSE
	EndGlobalSection
EndGlobal
